// !$*UTF8*$!
{
	archiveVersion = 1;
	classes = {
	};
	objectVersion = 56;
	objects = {

/* Begin PBXBuildFile section */
		8738754C2B72758400C5CCF5 /* CategoryGroup.swift in Sources */ = {isa = PBXBuildFile; fileRef = 8738754B2B72758400C5CCF5 /* CategoryGroup.swift */; };
		8740533C2B7E357F007C2DC2 /* ColorsColletcionViewDataSource.swift in Sources */ = {isa = PBXBuildFile; fileRef = 8740533B2B7E357F007C2DC2 /* ColorsColletcionViewDataSource.swift */; };
		875B9BF52B5D4FE600DAB15B /* TextField.swift in Sources */ = {isa = PBXBuildFile; fileRef = 875B9BF42B5D4FE600DAB15B /* TextField.swift */; };
		876EB2FF2B5A5DF7007EE48D /* GroupFormViewController.swift in Sources */ = {isa = PBXBuildFile; fileRef = 876EB2FE2B5A5DF7007EE48D /* GroupFormViewController.swift */; };
		876EB3012B5A6E1E007EE48D /* TextField + extension.swift in Sources */ = {isa = PBXBuildFile; fileRef = 876EB3002B5A6E1E007EE48D /* TextField + extension.swift */; };
		876EB3032B5A75A1007EE48D /* ColorCell.swift in Sources */ = {isa = PBXBuildFile; fileRef = 876EB3022B5A75A1007EE48D /* ColorCell.swift */; };
		876EB3062B5A825B007EE48D /* GeometricColorCell.swift in Sources */ = {isa = PBXBuildFile; fileRef = 876EB3052B5A825B007EE48D /* GeometricColorCell.swift */; };
		876EB3092B5AA39F007EE48D /* Group.swift in Sources */ = {isa = PBXBuildFile; fileRef = 876EB3082B5AA39F007EE48D /* Group.swift */; };
		8798AB022B5D4ACD006BED32 /* WordFormViewController.swift in Sources */ = {isa = PBXBuildFile; fileRef = 8798AB012B5D4ACD006BED32 /* WordFormViewController.swift */; };
		87CC00DB2B591A9400829301 /* AppDelegate.swift in Sources */ = {isa = PBXBuildFile; fileRef = 87CC00DA2B591A9400829301 /* AppDelegate.swift */; };
		87CC00DD2B591A9400829301 /* SceneDelegate.swift in Sources */ = {isa = PBXBuildFile; fileRef = 87CC00DC2B591A9400829301 /* SceneDelegate.swift */; };
		87CC00DF2B591A9400829301 /* GroupsViewController.swift in Sources */ = {isa = PBXBuildFile; fileRef = 87CC00DE2B591A9400829301 /* GroupsViewController.swift */; };
		87CC00E42B591A9700829301 /* Assets.xcassets in Resources */ = {isa = PBXBuildFile; fileRef = 87CC00E32B591A9700829301 /* Assets.xcassets */; };
		87CC00E72B591A9700829301 /* LaunchScreen.storyboard in Resources */ = {isa = PBXBuildFile; fileRef = 87CC00E52B591A9700829301 /* LaunchScreen.storyboard */; };
		87CC00F02B59259000829301 /* TabBarViewController.swift in Sources */ = {isa = PBXBuildFile; fileRef = 87CC00EF2B59259000829301 /* TabBarViewController.swift */; };
		87CC00F22B59281900829301 /* SettingsViewController.swift in Sources */ = {isa = PBXBuildFile; fileRef = 87CC00F12B59281900829301 /* SettingsViewController.swift */; };
		87CC00F42B593FF100829301 /* GroupCell.swift in Sources */ = {isa = PBXBuildFile; fileRef = 87CC00F32B593FF100829301 /* GroupCell.swift */; };
		87CC00F72B5958C200829301 /* UINavigationController + extension.swift in Sources */ = {isa = PBXBuildFile; fileRef = 87CC00F62B5958C200829301 /* UINavigationController + extension.swift */; };
/* End PBXBuildFile section */

/* Begin PBXFileReference section */
		8738754B2B72758400C5CCF5 /* CategoryGroup.swift */ = {isa = PBXFileReference; lastKnownFileType = sourcecode.swift; path = CategoryGroup.swift; sourceTree = "<group>"; };
		8740533B2B7E357F007C2DC2 /* ColorsColletcionViewDataSource.swift */ = {isa = PBXFileReference; lastKnownFileType = sourcecode.swift; path = ColorsColletcionViewDataSource.swift; sourceTree = "<group>"; };
		875B9BF42B5D4FE600DAB15B /* TextField.swift */ = {isa = PBXFileReference; lastKnownFileType = sourcecode.swift; path = TextField.swift; sourceTree = "<group>"; };
		876EB2FE2B5A5DF7007EE48D /* GroupFormViewController.swift */ = {isa = PBXFileReference; lastKnownFileType = sourcecode.swift; path = GroupFormViewController.swift; sourceTree = "<group>"; };
		876EB3002B5A6E1E007EE48D /* TextField + extension.swift */ = {isa = PBXFileReference; lastKnownFileType = sourcecode.swift; path = "TextField + extension.swift"; sourceTree = "<group>"; };
		876EB3022B5A75A1007EE48D /* ColorCell.swift */ = {isa = PBXFileReference; lastKnownFileType = sourcecode.swift; path = ColorCell.swift; sourceTree = "<group>"; };
		876EB3052B5A825B007EE48D /* GeometricColorCell.swift */ = {isa = PBXFileReference; lastKnownFileType = sourcecode.swift; path = GeometricColorCell.swift; sourceTree = "<group>"; };
		876EB3082B5AA39F007EE48D /* Group.swift */ = {isa = PBXFileReference; lastKnownFileType = sourcecode.swift; path = Group.swift; sourceTree = "<group>"; };
		8798AB012B5D4ACD006BED32 /* WordFormViewController.swift */ = {isa = PBXFileReference; lastKnownFileType = sourcecode.swift; path = WordFormViewController.swift; sourceTree = "<group>"; };
		87CC00D72B591A9400829301 /* Lexicon.app */ = {isa = PBXFileReference; explicitFileType = wrapper.application; includeInIndex = 0; path = Lexicon.app; sourceTree = BUILT_PRODUCTS_DIR; };
		87CC00DA2B591A9400829301 /* AppDelegate.swift */ = {isa = PBXFileReference; lastKnownFileType = sourcecode.swift; path = AppDelegate.swift; sourceTree = "<group>"; };
		87CC00DC2B591A9400829301 /* SceneDelegate.swift */ = {isa = PBXFileReference; lastKnownFileType = sourcecode.swift; path = SceneDelegate.swift; sourceTree = "<group>"; };
		87CC00DE2B591A9400829301 /* GroupsViewController.swift */ = {isa = PBXFileReference; lastKnownFileType = sourcecode.swift; path = GroupsViewController.swift; sourceTree = "<group>"; };
		87CC00E32B591A9700829301 /* Assets.xcassets */ = {isa = PBXFileReference; lastKnownFileType = folder.assetcatalog; path = Assets.xcassets; sourceTree = "<group>"; };
		87CC00E62B591A9700829301 /* Base */ = {isa = PBXFileReference; lastKnownFileType = file.storyboard; name = Base; path = Base.lproj/LaunchScreen.storyboard; sourceTree = "<group>"; };
		87CC00E82B591A9700829301 /* Info.plist */ = {isa = PBXFileReference; lastKnownFileType = text.plist.xml; path = Info.plist; sourceTree = "<group>"; };
		87CC00EF2B59259000829301 /* TabBarViewController.swift */ = {isa = PBXFileReference; lastKnownFileType = sourcecode.swift; path = TabBarViewController.swift; sourceTree = "<group>"; };
		87CC00F12B59281900829301 /* SettingsViewController.swift */ = {isa = PBXFileReference; lastKnownFileType = sourcecode.swift; path = SettingsViewController.swift; sourceTree = "<group>"; };
		87CC00F32B593FF100829301 /* GroupCell.swift */ = {isa = PBXFileReference; lastKnownFileType = sourcecode.swift; path = GroupCell.swift; sourceTree = "<group>"; };
		87CC00F62B5958C200829301 /* UINavigationController + extension.swift */ = {isa = PBXFileReference; lastKnownFileType = sourcecode.swift; path = "UINavigationController + extension.swift"; sourceTree = "<group>"; };
/* End PBXFileReference section */

/* Begin PBXFrameworksBuildPhase section */
		87CC00D42B591A9400829301 /* Frameworks */ = {
			isa = PBXFrameworksBuildPhase;
			buildActionMask = 2147483647;
			files = (
			);
			runOnlyForDeploymentPostprocessing = 0;
		};
/* End PBXFrameworksBuildPhase section */

/* Begin PBXGroup section */
		873875492B726B2B00C5CCF5 /* Views */ = {
			isa = PBXGroup;
			children = (
				875B9BF42B5D4FE600DAB15B /* TextField.swift */,
				8738754A2B726B3900C5CCF5 /* Cells */,
			);
			path = Views;
			sourceTree = "<group>";
		};
		8738754A2B726B3900C5CCF5 /* Cells */ = {
			isa = PBXGroup;
			children = (
				87CC00F32B593FF100829301 /* GroupCell.swift */,
				876EB3022B5A75A1007EE48D /* ColorCell.swift */,
				876EB3052B5A825B007EE48D /* GeometricColorCell.swift */,
			);
			path = Cells;
			sourceTree = "<group>";
		};
		8738754F2B7278A000C5CCF5 /* Services */ = {
			isa = PBXGroup;
			children = (
			);
			path = Services;
			sourceTree = "<group>";
		};
		876EB2F92B5A5838007EE48D /* TabBarViewController */ = {
			isa = PBXGroup;
			children = (
				87CC00EF2B59259000829301 /* TabBarViewController.swift */,
			);
			path = TabBarViewController;
			sourceTree = "<group>";
		};
		876EB2FA2B5A585C007EE48D /* GroupsViewController */ = {
			isa = PBXGroup;
			children = (
				87CC00DE2B591A9400829301 /* GroupsViewController.swift */,
			);
			path = GroupsViewController;
			sourceTree = "<group>";
		};
		876EB2FB2B5A5871007EE48D /* SettingsViewController */ = {
			isa = PBXGroup;
			children = (
				87CC00F12B59281900829301 /* SettingsViewController.swift */,
			);
			path = SettingsViewController;
			sourceTree = "<group>";
		};
		876EB2FC2B5A589F007EE48D /* Resources */ = {
			isa = PBXGroup;
			children = (
				87CC00E32B591A9700829301 /* Assets.xcassets */,
				87CC00E52B591A9700829301 /* LaunchScreen.storyboard */,
				87CC00E82B591A9700829301 /* Info.plist */,
			);
			path = Resources;
			sourceTree = "<group>";
		};
		876EB2FD2B5A5DC8007EE48D /* GroupFormViewController */ = {
			isa = PBXGroup;
			children = (
				876EB2FE2B5A5DF7007EE48D /* GroupFormViewController.swift */,
				8740533B2B7E357F007C2DC2 /* ColorsColletcionViewDataSource.swift */,
			);
			path = GroupFormViewController;
			sourceTree = "<group>";
		};
		876EB3072B5AA38D007EE48D /* models */ = {
			isa = PBXGroup;
			children = (
				876EB3082B5AA39F007EE48D /* Group.swift */,
				8738754B2B72758400C5CCF5 /* CategoryGroup.swift */,
			);
			path = models;
			sourceTree = "<group>";
		};
		8798AB002B5D4A98006BED32 /* WordFormViewController */ = {
			isa = PBXGroup;
			children = (
				8798AB012B5D4ACD006BED32 /* WordFormViewController.swift */,
			);
			path = WordFormViewController;
			sourceTree = "<group>";
		};
		87CC00CE2B591A9400829301 = {
			isa = PBXGroup;
			children = (
				87CC00D92B591A9400829301 /* Lexicon */,
				87CC00D82B591A9400829301 /* Products */,
			);
			sourceTree = "<group>";
		};
		87CC00D82B591A9400829301 /* Products */ = {
			isa = PBXGroup;
			children = (
				87CC00D72B591A9400829301 /* Lexicon.app */,
			);
			name = Products;
			sourceTree = "<group>";
		};
		87CC00D92B591A9400829301 /* Lexicon */ = {
			isa = PBXGroup;
			children = (
				8738754F2B7278A000C5CCF5 /* Services */,
				876EB3072B5AA38D007EE48D /* models */,
				87CC00EE2B59253F00829301 /* Presentation */,
				87CC00F52B59589700829301 /* Helpers */,
				876EB2FC2B5A589F007EE48D /* Resources */,
				87CC00DA2B591A9400829301 /* AppDelegate.swift */,
				87CC00DC2B591A9400829301 /* SceneDelegate.swift */,
			);
			path = Lexicon;
			sourceTree = "<group>";
		};
		87CC00EE2B59253F00829301 /* Presentation */ = {
			isa = PBXGroup;
			children = (
				873875492B726B2B00C5CCF5 /* Views */,
				8798AB002B5D4A98006BED32 /* WordFormViewController */,
				876EB2FD2B5A5DC8007EE48D /* GroupFormViewController */,
				876EB2FA2B5A585C007EE48D /* GroupsViewController */,
				876EB2FB2B5A5871007EE48D /* SettingsViewController */,
				876EB2F92B5A5838007EE48D /* TabBarViewController */,
			);
			path = Presentation;
			sourceTree = "<group>";
		};
		87CC00F52B59589700829301 /* Helpers */ = {
			isa = PBXGroup;
			children = (
				87CC00F62B5958C200829301 /* UINavigationController + extension.swift */,
				876EB3002B5A6E1E007EE48D /* TextField + extension.swift */,
			);
			path = Helpers;
			sourceTree = "<group>";
		};
/* End PBXGroup section */

/* Begin PBXNativeTarget section */
		87CC00D62B591A9400829301 /* Lexicon */ = {
			isa = PBXNativeTarget;
			buildConfigurationList = 87CC00EB2B591A9700829301 /* Build configuration list for PBXNativeTarget "Lexicon" */;
			buildPhases = (
				87CC00D32B591A9400829301 /* Sources */,
				87CC00D42B591A9400829301 /* Frameworks */,
				87CC00D52B591A9400829301 /* Resources */,
			);
			buildRules = (
			);
			dependencies = (
			);
			name = Lexicon;
			productName = Lexicon;
			productReference = 87CC00D72B591A9400829301 /* Lexicon.app */;
			productType = "com.apple.product-type.application";
		};
/* End PBXNativeTarget section */

/* Begin PBXProject section */
		87CC00CF2B591A9400829301 /* Project object */ = {
			isa = PBXProject;
			attributes = {
				BuildIndependentTargetsInParallel = 1;
				LastSwiftUpdateCheck = 1520;
				LastUpgradeCheck = 1520;
				TargetAttributes = {
					87CC00D62B591A9400829301 = {
						CreatedOnToolsVersion = 15.2;
					};
				};
			};
			buildConfigurationList = 87CC00D22B591A9400829301 /* Build configuration list for PBXProject "Lexicon" */;
			compatibilityVersion = "Xcode 14.0";
			developmentRegion = en;
			hasScannedForEncodings = 0;
			knownRegions = (
				en,
				Base,
			);
			mainGroup = 87CC00CE2B591A9400829301;
			productRefGroup = 87CC00D82B591A9400829301 /* Products */;
			projectDirPath = "";
			projectRoot = "";
			targets = (
				87CC00D62B591A9400829301 /* Lexicon */,
			);
		};
/* End PBXProject section */

/* Begin PBXResourcesBuildPhase section */
		87CC00D52B591A9400829301 /* Resources */ = {
			isa = PBXResourcesBuildPhase;
			buildActionMask = 2147483647;
			files = (
				87CC00E72B591A9700829301 /* LaunchScreen.storyboard in Resources */,
				87CC00E42B591A9700829301 /* Assets.xcassets in Resources */,
			);
			runOnlyForDeploymentPostprocessing = 0;
		};
/* End PBXResourcesBuildPhase section */

/* Begin PBXSourcesBuildPhase section */
		87CC00D32B591A9400829301 /* Sources */ = {
			isa = PBXSourcesBuildPhase;
			buildActionMask = 2147483647;
			files = (
				876EB3012B5A6E1E007EE48D /* TextField + extension.swift in Sources */,
				876EB2FF2B5A5DF7007EE48D /* GroupFormViewController.swift in Sources */,
				87CC00F72B5958C200829301 /* UINavigationController + extension.swift in Sources */,
				8740533C2B7E357F007C2DC2 /* ColorsColletcionViewDataSource.swift in Sources */,
				875B9BF52B5D4FE600DAB15B /* TextField.swift in Sources */,
				876EB3092B5AA39F007EE48D /* Group.swift in Sources */,
				876EB3062B5A825B007EE48D /* GeometricColorCell.swift in Sources */,
				876EB3032B5A75A1007EE48D /* ColorCell.swift in Sources */,
				8738754C2B72758400C5CCF5 /* CategoryGroup.swift in Sources */,
				87CC00F02B59259000829301 /* TabBarViewController.swift in Sources */,
				87CC00DF2B591A9400829301 /* GroupsViewController.swift in Sources */,
				8798AB022B5D4ACD006BED32 /* WordFormViewController.swift in Sources */,
				87CC00DB2B591A9400829301 /* AppDelegate.swift in Sources */,
				87CC00F42B593FF100829301 /* GroupCell.swift in Sources */,
				87CC00DD2B591A9400829301 /* SceneDelegate.swift in Sources */,
				87CC00F22B59281900829301 /* SettingsViewController.swift in Sources */,
			);
			runOnlyForDeploymentPostprocessing = 0;
		};
/* End PBXSourcesBuildPhase section */

/* Begin PBXVariantGroup section */
		87CC00E52B591A9700829301 /* LaunchScreen.storyboard */ = {
			isa = PBXVariantGroup;
			children = (
				87CC00E62B591A9700829301 /* Base */,
			);
			name = LaunchScreen.storyboard;
			sourceTree = "<group>";
		};
/* End PBXVariantGroup section */

/* Begin XCBuildConfiguration section */
		87CC00E92B591A9700829301 /* Debug */ = {
			isa = XCBuildConfiguration;
			buildSettings = {
				ALWAYS_SEARCH_USER_PATHS = NO;
				ASSETCATALOG_COMPILER_GENERATE_SWIFT_ASSET_SYMBOL_EXTENSIONS = YES;
				CLANG_ANALYZER_NONNULL = YES;
				CLANG_ANALYZER_NUMBER_OBJECT_CONVERSION = YES_AGGRESSIVE;
				CLANG_CXX_LANGUAGE_STANDARD = "gnu++20";
				CLANG_ENABLE_MODULES = YES;
				CLANG_ENABLE_OBJC_ARC = YES;
				CLANG_ENABLE_OBJC_WEAK = YES;
				CLANG_WARN_BLOCK_CAPTURE_AUTORELEASING = YES;
				CLANG_WARN_BOOL_CONVERSION = YES;
				CLANG_WARN_COMMA = YES;
				CLANG_WARN_CONSTANT_CONVERSION = YES;
				CLANG_WARN_DEPRECATED_OBJC_IMPLEMENTATIONS = YES;
				CLANG_WARN_DIRECT_OBJC_ISA_USAGE = YES_ERROR;
				CLANG_WARN_DOCUMENTATION_COMMENTS = YES;
				CLANG_WARN_EMPTY_BODY = YES;
				CLANG_WARN_ENUM_CONVERSION = YES;
				CLANG_WARN_INFINITE_RECURSION = YES;
				CLANG_WARN_INT_CONVERSION = YES;
				CLANG_WARN_NON_LITERAL_NULL_CONVERSION = YES;
				CLANG_WARN_OBJC_IMPLICIT_RETAIN_SELF = YES;
				CLANG_WARN_OBJC_LITERAL_CONVERSION = YES;
				CLANG_WARN_OBJC_ROOT_CLASS = YES_ERROR;
				CLANG_WARN_QUOTED_INCLUDE_IN_FRAMEWORK_HEADER = YES;
				CLANG_WARN_RANGE_LOOP_ANALYSIS = YES;
				CLANG_WARN_STRICT_PROTOTYPES = YES;
				CLANG_WARN_SUSPICIOUS_MOVE = YES;
				CLANG_WARN_UNGUARDED_AVAILABILITY = YES_AGGRESSIVE;
				CLANG_WARN_UNREACHABLE_CODE = YES;
				CLANG_WARN__DUPLICATE_METHOD_MATCH = YES;
				COPY_PHASE_STRIP = NO;
				DEBUG_INFORMATION_FORMAT = dwarf;
				ENABLE_STRICT_OBJC_MSGSEND = YES;
				ENABLE_TESTABILITY = YES;
				ENABLE_USER_SCRIPT_SANDBOXING = YES;
				GCC_C_LANGUAGE_STANDARD = gnu17;
				GCC_DYNAMIC_NO_PIC = NO;
				GCC_NO_COMMON_BLOCKS = YES;
				GCC_OPTIMIZATION_LEVEL = 0;
				GCC_PREPROCESSOR_DEFINITIONS = (
					"DEBUG=1",
					"$(inherited)",
				);
				GCC_WARN_64_TO_32_BIT_CONVERSION = YES;
				GCC_WARN_ABOUT_RETURN_TYPE = YES_ERROR;
				GCC_WARN_UNDECLARED_SELECTOR = YES;
				GCC_WARN_UNINITIALIZED_AUTOS = YES_AGGRESSIVE;
				GCC_WARN_UNUSED_FUNCTION = YES;
				GCC_WARN_UNUSED_VARIABLE = YES;
				IPHONEOS_DEPLOYMENT_TARGET = 17.2;
				LOCALIZATION_PREFERS_STRING_CATALOGS = YES;
				MTL_ENABLE_DEBUG_INFO = INCLUDE_SOURCE;
				MTL_FAST_MATH = YES;
				ONLY_ACTIVE_ARCH = YES;
				SDKROOT = iphoneos;
				SWIFT_ACTIVE_COMPILATION_CONDITIONS = "DEBUG $(inherited)";
				SWIFT_OPTIMIZATION_LEVEL = "-Onone";
			};
			name = Debug;
		};
		87CC00EA2B591A9700829301 /* Release */ = {
			isa = XCBuildConfiguration;
			buildSettings = {
				ALWAYS_SEARCH_USER_PATHS = NO;
				ASSETCATALOG_COMPILER_GENERATE_SWIFT_ASSET_SYMBOL_EXTENSIONS = YES;
				CLANG_ANALYZER_NONNULL = YES;
				CLANG_ANALYZER_NUMBER_OBJECT_CONVERSION = YES_AGGRESSIVE;
				CLANG_CXX_LANGUAGE_STANDARD = "gnu++20";
				CLANG_ENABLE_MODULES = YES;
				CLANG_ENABLE_OBJC_ARC = YES;
				CLANG_ENABLE_OBJC_WEAK = YES;
				CLANG_WARN_BLOCK_CAPTURE_AUTORELEASING = YES;
				CLANG_WARN_BOOL_CONVERSION = YES;
				CLANG_WARN_COMMA = YES;
				CLANG_WARN_CONSTANT_CONVERSION = YES;
				CLANG_WARN_DEPRECATED_OBJC_IMPLEMENTATIONS = YES;
				CLANG_WARN_DIRECT_OBJC_ISA_USAGE = YES_ERROR;
				CLANG_WARN_DOCUMENTATION_COMMENTS = YES;
				CLANG_WARN_EMPTY_BODY = YES;
				CLANG_WARN_ENUM_CONVERSION = YES;
				CLANG_WARN_INFINITE_RECURSION = YES;
				CLANG_WARN_INT_CONVERSION = YES;
				CLANG_WARN_NON_LITERAL_NULL_CONVERSION = YES;
				CLANG_WARN_OBJC_IMPLICIT_RETAIN_SELF = YES;
				CLANG_WARN_OBJC_LITERAL_CONVERSION = YES;
				CLANG_WARN_OBJC_ROOT_CLASS = YES_ERROR;
				CLANG_WARN_QUOTED_INCLUDE_IN_FRAMEWORK_HEADER = YES;
				CLANG_WARN_RANGE_LOOP_ANALYSIS = YES;
				CLANG_WARN_STRICT_PROTOTYPES = YES;
				CLANG_WARN_SUSPICIOUS_MOVE = YES;
				CLANG_WARN_UNGUARDED_AVAILABILITY = YES_AGGRESSIVE;
				CLANG_WARN_UNREACHABLE_CODE = YES;
				CLANG_WARN__DUPLICATE_METHOD_MATCH = YES;
				COPY_PHASE_STRIP = NO;
				DEBUG_INFORMATION_FORMAT = "dwarf-with-dsym";
				ENABLE_NS_ASSERTIONS = NO;
				ENABLE_STRICT_OBJC_MSGSEND = YES;
				ENABLE_USER_SCRIPT_SANDBOXING = YES;
				GCC_C_LANGUAGE_STANDARD = gnu17;
				GCC_NO_COMMON_BLOCKS = YES;
				GCC_WARN_64_TO_32_BIT_CONVERSION = YES;
				GCC_WARN_ABOUT_RETURN_TYPE = YES_ERROR;
				GCC_WARN_UNDECLARED_SELECTOR = YES;
				GCC_WARN_UNINITIALIZED_AUTOS = YES_AGGRESSIVE;
				GCC_WARN_UNUSED_FUNCTION = YES;
				GCC_WARN_UNUSED_VARIABLE = YES;
				IPHONEOS_DEPLOYMENT_TARGET = 17.2;
				LOCALIZATION_PREFERS_STRING_CATALOGS = YES;
				MTL_ENABLE_DEBUG_INFO = NO;
				MTL_FAST_MATH = YES;
				SDKROOT = iphoneos;
				SWIFT_COMPILATION_MODE = wholemodule;
				VALIDATE_PRODUCT = YES;
			};
			name = Release;
		};
		87CC00EC2B591A9700829301 /* Debug */ = {
			isa = XCBuildConfiguration;
			buildSettings = {
				ASSETCATALOG_COMPILER_APPICON_NAME = AppIcon;
				ASSETCATALOG_COMPILER_GLOBAL_ACCENT_COLOR_NAME = AccentColor;
				CODE_SIGN_STYLE = Automatic;
				CURRENT_PROJECT_VERSION = 1;
				DEVELOPMENT_TEAM = AMLNY4CPQ6;
				GENERATE_INFOPLIST_FILE = YES;
				INFOPLIST_FILE = Lexicon/Resources/Info.plist;
				INFOPLIST_KEY_UIApplicationSupportsIndirectInputEvents = YES;
				INFOPLIST_KEY_UILaunchStoryboardName = LaunchScreen;
				INFOPLIST_KEY_UISupportedInterfaceOrientations = UIInterfaceOrientationPortrait;
				IPHONEOS_DEPLOYMENT_TARGET = 13.4;
				LD_RUNPATH_SEARCH_PATHS = (
					"$(inherited)",
					"@executable_path/Frameworks",
				);
				MARKETING_VERSION = 1.0;
				PRODUCT_BUNDLE_IDENTIFIER = ru.GMG.Pianino.Lexicon;
				PRODUCT_NAME = "$(TARGET_NAME)";
				SUPPORTED_PLATFORMS = "iphoneos iphonesimulator";
				SUPPORTS_MACCATALYST = NO;
				SUPPORTS_XR_DESIGNED_FOR_IPHONE_IPAD = NO;
				SWIFT_EMIT_LOC_STRINGS = YES;
				SWIFT_VERSION = 5.0;
				TARGETED_DEVICE_FAMILY = "1,2";
			};
			name = Debug;
		};
		87CC00ED2B591A9700829301 /* Release */ = {
			isa = XCBuildConfiguration;
			buildSettings = {
				ASSETCATALOG_COMPILER_APPICON_NAME = AppIcon;
				ASSETCATALOG_COMPILER_GLOBAL_ACCENT_COLOR_NAME = AccentColor;
				CODE_SIGN_STYLE = Automatic;
				CURRENT_PROJECT_VERSION = 1;
				DEVELOPMENT_TEAM = AMLNY4CPQ6;
				GENERATE_INFOPLIST_FILE = YES;
				INFOPLIST_FILE = Lexicon/Resources/Info.plist;
				INFOPLIST_KEY_UIApplicationSupportsIndirectInputEvents = YES;
				INFOPLIST_KEY_UILaunchStoryboardName = LaunchScreen;
				INFOPLIST_KEY_UISupportedInterfaceOrientations = UIInterfaceOrientationPortrait;
				IPHONEOS_DEPLOYMENT_TARGET = 13.4;
				LD_RUNPATH_SEARCH_PATHS = (
					"$(inherited)",
					"@executable_path/Frameworks",
				);
				MARKETING_VERSION = 1.0;
				PRODUCT_BUNDLE_IDENTIFIER = ru.GMG.Pianino.Lexicon;
				PRODUCT_NAME = "$(TARGET_NAME)";
				SUPPORTED_PLATFORMS = "iphoneos iphonesimulator";
				SUPPORTS_MACCATALYST = NO;
				SUPPORTS_XR_DESIGNED_FOR_IPHONE_IPAD = NO;
				SWIFT_EMIT_LOC_STRINGS = YES;
				SWIFT_VERSION = 5.0;
				TARGETED_DEVICE_FAMILY = "1,2";
			};
			name = Release;
		};
/* End XCBuildConfiguration section */

/* Begin XCConfigurationList section */
		87CC00D22B591A9400829301 /* Build configuration list for PBXProject "Lexicon" */ = {
			isa = XCConfigurationList;
			buildConfigurations = (
				87CC00E92B591A9700829301 /* Debug */,
				87CC00EA2B591A9700829301 /* Release */,
			);
			defaultConfigurationIsVisible = 0;
			defaultConfigurationName = Release;
		};
		87CC00EB2B591A9700829301 /* Build configuration list for PBXNativeTarget "Lexicon" */ = {
			isa = XCConfigurationList;
			buildConfigurations = (
				87CC00EC2B591A9700829301 /* Debug */,
				87CC00ED2B591A9700829301 /* Release */,
			);
			defaultConfigurationIsVisible = 0;
			defaultConfigurationName = Release;
		};
/* End XCConfigurationList section */
	};
	rootObject = 87CC00CF2B591A9400829301 /* Project object */;
}
